
Microsoft Visual Studio Solution File, Format Version 12.00
# Visual Studio Version 17
VisualStudioVersion = 17.9.34701.34
MinimumVisualStudioVersion = 10.0.40219.1
Project("{FAE04EC0-301F-11D3-BF4B-00C04F79EFBC}") = "ClinicManagmentSystem", "ClinicManagmentSystem.csproj", "{24C61DAC-49FF-4F86-8D9F-ACFE59C494B4}"
EndProject
Project("{FAE04EC0-301F-11D3-BF4B-00C04F79EFBC}") = "ClincDataAccess", "..\ClincDataAccess\ClincDataAccess.csproj", "{97028433-7FBE-4EEF-8DD2-4ABBD09570B6}"
EndProject
Project("{FAE04EC0-301F-11D3-BF4B-00C04F79EFBC}") = "ClincBussniesLayer", "..\ClincBussniesLayer\ClincBussniesLayer.csproj", "{2437F547-7599-470C-BCA4-21D784CA42D4}"
EndProject
Global
	GlobalSection(SolutionConfigurationPlatforms) = preSolution
		Debug|Any CPU = Debug|Any CPU
		Release|Any CPU = Release|Any CPU
	EndGlobalSection
	GlobalSection(ProjectConfigurationPlatforms) = postSolution
		{24C61DAC-49FF-4F86-8D9F-ACFE59C494B4}.Debug|Any CPU.ActiveCfg = Debug|Any CPU
		{24C61DAC-49FF-4F86-8D9F-ACFE59C494B4}.Debug|Any CPU.Build.0 = Debug|Any CPU
		{24C61DAC-49FF-4F86-8D9F-ACFE59C494B4}.Release|Any CPU.ActiveCfg = Release|Any CPU
		{24C61DAC-49FF-4F86-8D9F-ACFE59C494B4}.Release|Any CPU.Build.0 = Release|Any CPU
		{97028433-7FBE-4EEF-8DD2-4ABBD09570B6}.Debug|Any CPU.ActiveCfg = Debug|Any CPU
		{97028433-7FBE-4EEF-8DD2-4ABBD09570B6}.Debug|Any CPU.Build.0 = Debug|Any CPU
		{97028433-7FBE-4EEF-8DD2-4ABBD09570B6}.Release|Any CPU.ActiveCfg = Release|Any CPU
		{97028433-7FBE-4EEF-8DD2-4ABBD09570B6}.Release|Any CPU.Build.0 = Release|Any CPU
		{2437F547-7599-470C-BCA4-21D784CA42D4}.Debug|Any CPU.ActiveCfg = Debug|Any CPU
		{2437F547-7599-470C-BCA4-21D784CA42D4}.Debug|Any CPU.Build.0 = Debug|Any CPU
		{2437F547-7599-470C-BCA4-21D784CA42D4}.Release|Any CPU.ActiveCfg = Release|Any CPU
		{2437F547-7599-470C-BCA4-21D784CA42D4}.Release|Any CPU.Build.0 = Release|Any CPU
	EndGlobalSection
	GlobalSection(SolutionProperties) = preSolution
		HideSolutionNode = FALSE
	EndGlobalSection
	GlobalSection(ExtensibilityGlobals) = postSolution
		SolutionGuid = {EA6F10B3-64E6-4D9A-9B63-0913551F14B8}
	EndGlobalSection
EndGlobal
